
Microsoft Visual Studio Solution File, Format Version 12.00
# Visual Studio Version 17
VisualStudioVersion = 17.10.35004.147
MinimumVisualStudioVersion = 10.0.40219.1
Project("{9A19103F-16F7-4668-BE54-9A1E7A4F7556}") = "Core_Proje", "Core_Proje\Core_Proje.csproj", "{466DD5FE-FEEE-4E56-83D1-41C17E86F761}"
EndProject
Project("{9A19103F-16F7-4668-BE54-9A1E7A4F7556}") = "BusinessLayer", "BusinessLayer\BusinessLayer.csproj", "{850F626C-64EA-40B8-AEF5-CD6D8DB27791}"
EndProject
Project("{9A19103F-16F7-4668-BE54-9A1E7A4F7556}") = "DataAccessLayer", "DataAccessLayer\DataAccessLayer.csproj", "{898E1DAB-38F8-49DA-BC3A-FB29CE46D2DA}"
EndProject
Project("{9A19103F-16F7-4668-BE54-9A1E7A4F7556}") = "EntityLayer", "EntityLayer\EntityLayer.csproj", "{D2214D14-D275-435E-B8B7-4985C3ADBB48}"
EndProject
Project("{FAE04EC0-301F-11D3-BF4B-00C04F79EFBC}") = "Core_Proje_Api", "Core_Proje_Api\Core_Proje_Api.csproj", "{BB4D78A2-2E93-4AFA-B683-E07AE73FDB14}"
EndProject
Global
	GlobalSection(SolutionConfigurationPlatforms) = preSolution
		Debug|Any CPU = Debug|Any CPU
		Release|Any CPU = Release|Any CPU
	EndGlobalSection
	GlobalSection(ProjectConfigurationPlatforms) = postSolution
		{466DD5FE-FEEE-4E56-83D1-41C17E86F761}.Debug|Any CPU.ActiveCfg = Debug|Any CPU
		{466DD5FE-FEEE-4E56-83D1-41C17E86F761}.Debug|Any CPU.Build.0 = Debug|Any CPU
		{466DD5FE-FEEE-4E56-83D1-41C17E86F761}.Release|Any CPU.ActiveCfg = Release|Any CPU
		{466DD5FE-FEEE-4E56-83D1-41C17E86F761}.Release|Any CPU.Build.0 = Release|Any CPU
		{850F626C-64EA-40B8-AEF5-CD6D8DB27791}.Debug|Any CPU.ActiveCfg = Debug|Any CPU
		{850F626C-64EA-40B8-AEF5-CD6D8DB27791}.Debug|Any CPU.Build.0 = Debug|Any CPU
		{850F626C-64EA-40B8-AEF5-CD6D8DB27791}.Release|Any CPU.ActiveCfg = Release|Any CPU
		{850F626C-64EA-40B8-AEF5-CD6D8DB27791}.Release|Any CPU.Build.0 = Release|Any CPU
		{898E1DAB-38F8-49DA-BC3A-FB29CE46D2DA}.Debug|Any CPU.ActiveCfg = Debug|Any CPU
		{898E1DAB-38F8-49DA-BC3A-FB29CE46D2DA}.Debug|Any CPU.Build.0 = Debug|Any CPU
		{898E1DAB-38F8-49DA-BC3A-FB29CE46D2DA}.Release|Any CPU.ActiveCfg = Release|Any CPU
		{898E1DAB-38F8-49DA-BC3A-FB29CE46D2DA}.Release|Any CPU.Build.0 = Release|Any CPU
		{D2214D14-D275-435E-B8B7-4985C3ADBB48}.Debug|Any CPU.ActiveCfg = Debug|Any CPU
		{D2214D14-D275-435E-B8B7-4985C3ADBB48}.Debug|Any CPU.Build.0 = Debug|Any CPU
		{D2214D14-D275-435E-B8B7-4985C3ADBB48}.Release|Any CPU.ActiveCfg = Release|Any CPU
		{D2214D14-D275-435E-B8B7-4985C3ADBB48}.Release|Any CPU.Build.0 = Release|Any CPU
		{BB4D78A2-2E93-4AFA-B683-E07AE73FDB14}.Debug|Any CPU.ActiveCfg = Debug|Any CPU
		{BB4D78A2-2E93-4AFA-B683-E07AE73FDB14}.Debug|Any CPU.Build.0 = Debug|Any CPU
		{BB4D78A2-2E93-4AFA-B683-E07AE73FDB14}.Release|Any CPU.ActiveCfg = Release|Any CPU
		{BB4D78A2-2E93-4AFA-B683-E07AE73FDB14}.Release|Any CPU.Build.0 = Release|Any CPU
	EndGlobalSection
	GlobalSection(SolutionProperties) = preSolution
		HideSolutionNode = FALSE
	EndGlobalSection
	GlobalSection(ExtensibilityGlobals) = postSolution
		SolutionGuid = {650E0B69-63B1-4C08-BF62-31C2F4C3320C}
	EndGlobalSection
EndGlobal
